{
  "version": 4,
  "terraform_version": "1.4.4",
  "serial": 86,
  "lineage": "10ba428e-77bf-57b8-2a38-46ec039f0ba0",
  "outputs": {},
  "resources": [
    {
      "mode": "managed",
      "type": "aws_instance",
      "name": "pineapple-inst",
      "provider": "provider[\"registry.terraform.io/hashicorp/aws\"]",
      "instances": [
        {
          "status": "tainted",
          "schema_version": 1,
          "attributes": {
            "ami": "ami-0342738dbfee29539",
            "arn": "arn:aws:ec2:ap-northeast-2:727063152682:instance/i-07e5877989994f77c",
            "associate_public_ip_address": true,
            "availability_zone": "ap-northeast-2a",
            "capacity_reservation_specification": [
              {
                "capacity_reservation_preference": "open",
                "capacity_reservation_target": []
              }
            ],
            "cpu_core_count": 1,
            "cpu_threads_per_core": 1,
            "credit_specification": [
              {
                "cpu_credits": "standard"
              }
            ],
            "disable_api_stop": false,
            "disable_api_termination": false,
            "ebs_block_device": [],
            "ebs_optimized": false,
            "enclave_options": [
              {
                "enabled": false
              }
            ],
            "ephemeral_block_device": [],
            "get_password_data": false,
            "hibernation": false,
            "host_id": "",
            "host_resource_group_arn": null,
            "iam_instance_profile": "",
            "id": "i-07e5877989994f77c",
            "instance_initiated_shutdown_behavior": "stop",
            "instance_state": "running",
            "instance_type": "t2.micro",
            "ipv6_address_count": 0,
            "ipv6_addresses": [],
            "key_name": "dove",
            "launch_template": [],
            "maintenance_options": [
              {
                "auto_recovery": "default"
              }
            ],
            "metadata_options": [
              {
                "http_endpoint": "enabled",
                "http_put_response_hop_limit": 1,
                "http_tokens": "optional",
                "instance_metadata_tags": "disabled"
              }
            ],
            "monitoring": false,
            "network_interface": [],
            "outpost_arn": "",
            "password_data": "",
            "placement_group": "",
            "placement_partition_number": 0,
            "primary_network_interface_id": "eni-0db5f59265b76f916",
            "private_dns": "ip-172-31-0-48.ap-northeast-2.compute.internal",
            "private_dns_name_options": [
              {
                "enable_resource_name_dns_a_record": false,
                "enable_resource_name_dns_aaaa_record": false,
                "hostname_type": "ip-name"
              }
            ],
            "private_ip": "172.31.0.48",
            "public_dns": "ec2-52-79-163-99.ap-northeast-2.compute.amazonaws.com",
            "public_ip": "52.79.163.99",
            "root_block_device": [
              {
                "delete_on_termination": true,
                "device_name": "/dev/sda1",
                "encrypted": false,
                "iops": 100,
                "kms_key_id": "",
                "tags": {},
                "throughput": 0,
                "volume_id": "vol-04d21846450c73db9",
                "volume_size": 8,
                "volume_type": "gp2"
              }
            ],
            "secondary_private_ips": [],
            "security_groups": [
              "pineapple-sg"
            ],
            "source_dest_check": true,
            "subnet_id": "subnet-0e3bbe8fe5e06ccbb",
            "tags": {
              "Name": "Pineapple-Instance",
              "Project": "Pineapple"
            },
            "tags_all": {
              "Name": "Pineapple-Instance",
              "Project": "Pineapple"
            },
            "tenancy": "default",
            "timeouts": null,
            "user_data": null,
            "user_data_base64": null,
            "user_data_replace_on_change": false,
            "volume_tags": null,
            "vpc_security_group_ids": [
              "sg-087cc3b2b7c5d720b"
            ]
          },
          "sensitive_attributes": [],
          "private": "eyJlMmJmYjczMC1lY2FhLTExZTYtOGY4OC0zNDM2M2JjN2M0YzAiOnsiY3JlYXRlIjo2MDAwMDAwMDAwMDAsImRlbGV0ZSI6MTIwMDAwMDAwMDAwMCwidXBkYXRlIjo2MDAwMDAwMDAwMDB9LCJzY2hlbWFfdmVyc2lvbiI6IjEifQ==",
          "dependencies": [
            "aws_key_pair.pineapple-key"
          ]
        }
      ]
    },
    {
      "mode": "managed",
      "type": "aws_key_pair",
      "name": "pineapple-key",
      "provider": "provider[\"registry.terraform.io/hashicorp/aws\"]",
      "instances": [
        {
          "schema_version": 1,
          "attributes": {
            "arn": "arn:aws:ec2:ap-northeast-2:727063152682:key-pair/dove",
            "fingerprint": "f7:92:78:88:61:e8:86:75:a6:6c:7e:a4:3e:cc:de:de",
            "id": "dove",
            "key_name": "dove",
            "key_name_prefix": "",
            "key_pair_id": "key-03c3e5c34626f48a4",
            "key_type": "rsa",
            "public_key": "ssh-rsa AAAAB3NzaC1yc2EAAAADAQABAAABgQCvM0t5xX9Vw9zE3eDRssBk5WTIijsJnrJ0pY3pGB6rMojGFqlP/a/KRbgUqrzAzJspgz3EoYYHH5mjXMY0f5BGTP0Og9SWVzXq+9Zfm9S9nBmRIIkc/GYJSkBrAV4N11my/SE3UpEs6bv+XcQfKu+zZQXCYponu8eMG3bmBu1AdnwznmnK5xfnad/YTBKwNbt1fpy2mqdgfPclFWQLx3O86o8/JnHkQsIT4phoaz5voaU9otTJnaLnkle/qZUOk6jFyezMlPe4dB8oK9/olQsaqKu61fEIAKHe/kOpW83ssJWQK+NV+GvZHrmWz0VJLTXzEa+RVxsEdFBCTS9kHGY6UjiJgslUVc4QqwTkQ/FXV8m422FbUTBP8KKFH4ztp5OrNgvkjhXOl37A4Jx0JZBijJELWbScvJKsDukiCjjIw3Lg/sz9NiEx2fA9QUJadW/pn/Evlz0eSgT0B0m5iq6ZRK5HiFiBWHgh6F+5luiko6u2G2QU8daLw/0Wg7vTcqc= chase@Chases-MacBook-Pro.local",
            "tags": null,
            "tags_all": {}
          },
          "sensitive_attributes": [],
          "private": "eyJzY2hlbWFfdmVyc2lvbiI6IjEifQ=="
        }
      ]
    }
  ],
  "check_results": null
}
